// !$*UTF8*$!
{
	archiveVersion = 1;
	classes = {
	};
	objectVersion = 50;
	objects = {

/* Begin PBXBuildFile section */
		7A06C5112516A1400092026B /* AppDelegate.swift in Sources */ = {isa = PBXBuildFile; fileRef = 7A06C5102516A1400092026B /* AppDelegate.swift */; };
		7A06C5132516A1400092026B /* SceneDelegate.swift in Sources */ = {isa = PBXBuildFile; fileRef = 7A06C5122516A1400092026B /* SceneDelegate.swift */; };
		7A06C5152516A1400092026B /* ViewController.swift in Sources */ = {isa = PBXBuildFile; fileRef = 7A06C5142516A1400092026B /* ViewController.swift */; };
		7A06C5182516A1400092026B /* Main.storyboard in Resources */ = {isa = PBXBuildFile; fileRef = 7A06C5162516A1400092026B /* Main.storyboard */; };
		7A06C51A2516A1420092026B /* Assets.xcassets in Resources */ = {isa = PBXBuildFile; fileRef = 7A06C5192516A1420092026B /* Assets.xcassets */; };
		7A06C51D2516A1420092026B /* LaunchScreen.storyboard in Resources */ = {isa = PBXBuildFile; fileRef = 7A06C51B2516A1420092026B /* LaunchScreen.storyboard */; };
		7A06C5282516A1430092026B /* Currency_ConverterTests.swift in Sources */ = {isa = PBXBuildFile; fileRef = 7A06C5272516A1430092026B /* Currency_ConverterTests.swift */; };
		7A06C5332516A1430092026B /* Currency_ConverterUITests.swift in Sources */ = {isa = PBXBuildFile; fileRef = 7A06C5322516A1430092026B /* Currency_ConverterUITests.swift */; };
		7A163DF8251EE3CB0057B58E /* Converter.swift in Sources */ = {isa = PBXBuildFile; fileRef = 7A163DF7251EE3CB0057B58E /* Converter.swift */; };
/* End PBXBuildFile section */

/* Begin PBXContainerItemProxy section */
		7A06C5242516A1430092026B /* PBXContainerItemProxy */ = {
			isa = PBXContainerItemProxy;
			containerPortal = 7A06C5052516A1400092026B /* Project object */;
			proxyType = 1;
			remoteGlobalIDString = 7A06C50C2516A1400092026B;
			remoteInfo = "Currency-Converter";
		};
		7A06C52F2516A1430092026B /* PBXContainerItemProxy */ = {
			isa = PBXContainerItemProxy;
			containerPortal = 7A06C5052516A1400092026B /* Project object */;
			proxyType = 1;
			remoteGlobalIDString = 7A06C50C2516A1400092026B;
			remoteInfo = "Currency-Converter";
		};
/* End PBXContainerItemProxy section */

/* Begin PBXFileReference section */
		7A06C50D2516A1400092026B /* Currency-Converter.app */ = {isa = PBXFileReference; explicitFileType = wrapper.application; includeInIndex = 0; path = "Currency-Converter.app"; sourceTree = BUILT_PRODUCTS_DIR; };
		7A06C5102516A1400092026B /* AppDelegate.swift */ = {isa = PBXFileReference; lastKnownFileType = sourcecode.swift; path = AppDelegate.swift; sourceTree = "<group>"; };
		7A06C5122516A1400092026B /* SceneDelegate.swift */ = {isa = PBXFileReference; lastKnownFileType = sourcecode.swift; path = SceneDelegate.swift; sourceTree = "<group>"; };
		7A06C5142516A1400092026B /* ViewController.swift */ = {isa = PBXFileReference; lastKnownFileType = sourcecode.swift; path = ViewController.swift; sourceTree = "<group>"; };
		7A06C5172516A1400092026B /* Base */ = {isa = PBXFileReference; lastKnownFileType = file.storyboard; name = Base; path = Base.lproj/Main.storyboard; sourceTree = "<group>"; };
		7A06C5192516A1420092026B /* Assets.xcassets */ = {isa = PBXFileReference; lastKnownFileType = folder.assetcatalog; path = Assets.xcassets; sourceTree = "<group>"; };
		7A06C51C2516A1420092026B /* Base */ = {isa = PBXFileReference; lastKnownFileType = file.storyboard; name = Base; path = Base.lproj/LaunchScreen.storyboard; sourceTree = "<group>"; };
		7A06C51E2516A1420092026B /* Info.plist */ = {isa = PBXFileReference; lastKnownFileType = text.plist.xml; path = Info.plist; sourceTree = "<group>"; };
		7A06C5232516A1430092026B /* Currency-ConverterTests.xctest */ = {isa = PBXFileReference; explicitFileType = wrapper.cfbundle; includeInIndex = 0; path = "Currency-ConverterTests.xctest"; sourceTree = BUILT_PRODUCTS_DIR; };
		7A06C5272516A1430092026B /* Currency_ConverterTests.swift */ = {isa = PBXFileReference; lastKnownFileType = sourcecode.swift; path = Currency_ConverterTests.swift; sourceTree = "<group>"; };
		7A06C5292516A1430092026B /* Info.plist */ = {isa = PBXFileReference; lastKnownFileType = text.plist.xml; path = Info.plist; sourceTree = "<group>"; };
		7A06C52E2516A1430092026B /* Currency-ConverterUITests.xctest */ = {isa = PBXFileReference; explicitFileType = wrapper.cfbundle; includeInIndex = 0; path = "Currency-ConverterUITests.xctest"; sourceTree = BUILT_PRODUCTS_DIR; };
		7A06C5322516A1430092026B /* Currency_ConverterUITests.swift */ = {isa = PBXFileReference; lastKnownFileType = sourcecode.swift; path = Currency_ConverterUITests.swift; sourceTree = "<group>"; };
		7A06C5342516A1430092026B /* Info.plist */ = {isa = PBXFileReference; lastKnownFileType = text.plist.xml; path = Info.plist; sourceTree = "<group>"; };
		7A163DF7251EE3CB0057B58E /* Converter.swift */ = {isa = PBXFileReference; lastKnownFileType = sourcecode.swift; path = Converter.swift; sourceTree = "<group>"; };
/* End PBXFileReference section */

/* Begin PBXFrameworksBuildPhase section */
		7A06C50A2516A1400092026B /* Frameworks */ = {
			isa = PBXFrameworksBuildPhase;
			buildActionMask = 2147483647;
			files = (
			);
			runOnlyForDeploymentPostprocessing = 0;
		};
		7A06C5202516A1430092026B /* Frameworks */ = {
			isa = PBXFrameworksBuildPhase;
			buildActionMask = 2147483647;
			files = (
			);
			runOnlyForDeploymentPostprocessing = 0;
		};
		7A06C52B2516A1430092026B /* Frameworks */ = {
			isa = PBXFrameworksBuildPhase;
			buildActionMask = 2147483647;
			files = (
			);
			runOnlyForDeploymentPostprocessing = 0;
		};
/* End PBXFrameworksBuildPhase section */

/* Begin PBXGroup section */
		7A06C5042516A1400092026B = {
			isa = PBXGroup;
			children = (
				7A06C50F2516A1400092026B /* Currency-Converter */,
				7A06C5262516A1430092026B /* Currency-ConverterTests */,
				7A06C5312516A1430092026B /* Currency-ConverterUITests */,
				7A06C50E2516A1400092026B /* Products */,
			);
			sourceTree = "<group>";
		};
		7A06C50E2516A1400092026B /* Products */ = {
			isa = PBXGroup;
			children = (
				7A06C50D2516A1400092026B /* Currency-Converter.app */,
				7A06C5232516A1430092026B /* Currency-ConverterTests.xctest */,
				7A06C52E2516A1430092026B /* Currency-ConverterUITests.xctest */,
			);
			name = Products;
			sourceTree = "<group>";
		};
		7A06C50F2516A1400092026B /* Currency-Converter */ = {
			isa = PBXGroup;
			children = (
				7A06C5102516A1400092026B /* AppDelegate.swift */,
				7A06C5122516A1400092026B /* SceneDelegate.swift */,
				7A163DF7251EE3CB0057B58E /* Converter.swift */,
				7A06C5142516A1400092026B /* ViewController.swift */,
				7A06C5162516A1400092026B /* Main.storyboard */,
				7A06C5192516A1420092026B /* Assets.xcassets */,
				7A06C51B2516A1420092026B /* LaunchScreen.storyboard */,
				7A06C51E2516A1420092026B /* Info.plist */,
			);
			path = "Currency-Converter";
			sourceTree = "<group>";
		};
		7A06C5262516A1430092026B /* Currency-ConverterTests */ = {
			isa = PBXGroup;
			children = (
				7A06C5272516A1430092026B /* Currency_ConverterTests.swift */,
				7A06C5292516A1430092026B /* Info.plist */,
			);
			path = "Currency-ConverterTests";
			sourceTree = "<group>";
		};
		7A06C5312516A1430092026B /* Currency-ConverterUITests */ = {
			isa = PBXGroup;
			children = (
				7A06C5322516A1430092026B /* Currency_ConverterUITests.swift */,
				7A06C5342516A1430092026B /* Info.plist */,
			);
			path = "Currency-ConverterUITests";
			sourceTree = "<group>";
		};
/* End PBXGroup section */

/* Begin PBXNativeTarget section */
		7A06C50C2516A1400092026B /* Currency-Converter */ = {
			isa = PBXNativeTarget;
			buildConfigurationList = 7A06C5372516A1430092026B /* Build configuration list for PBXNativeTarget "Currency-Converter" */;
			buildPhases = (
				7A06C5092516A1400092026B /* Sources */,
				7A06C50A2516A1400092026B /* Frameworks */,
				7A06C50B2516A1400092026B /* Resources */,
			);
			buildRules = (
			);
			dependencies = (
			);
			name = "Currency-Converter";
			productName = "Currency-Converter";
			productReference = 7A06C50D2516A1400092026B /* Currency-Converter.app */;
			productType = "com.apple.product-type.application";
		};
		7A06C5222516A1430092026B /* Currency-ConverterTests */ = {
			isa = PBXNativeTarget;
			buildConfigurationList = 7A06C53A2516A1430092026B /* Build configuration list for PBXNativeTarget "Currency-ConverterTests" */;
			buildPhases = (
				7A06C51F2516A1430092026B /* Sources */,
				7A06C5202516A1430092026B /* Frameworks */,
				7A06C5212516A1430092026B /* Resources */,
			);
			buildRules = (
			);
			dependencies = (
				7A06C5252516A1430092026B /* PBXTargetDependency */,
			);
			name = "Currency-ConverterTests";
			productName = "Currency-ConverterTests";
			productReference = 7A06C5232516A1430092026B /* Currency-ConverterTests.xctest */;
			productType = "com.apple.product-type.bundle.unit-test";
		};
		7A06C52D2516A1430092026B /* Currency-ConverterUITests */ = {
			isa = PBXNativeTarget;
			buildConfigurationList = 7A06C53D2516A1430092026B /* Build configuration list for PBXNativeTarget "Currency-ConverterUITests" */;
			buildPhases = (
				7A06C52A2516A1430092026B /* Sources */,
				7A06C52B2516A1430092026B /* Frameworks */,
				7A06C52C2516A1430092026B /* Resources */,
			);
			buildRules = (
			);
			dependencies = (
				7A06C5302516A1430092026B /* PBXTargetDependency */,
			);
			name = "Currency-ConverterUITests";
			productName = "Currency-ConverterUITests";
			productReference = 7A06C52E2516A1430092026B /* Currency-ConverterUITests.xctest */;
			productType = "com.apple.product-type.bundle.ui-testing";
		};
/* End PBXNativeTarget section */

/* Begin PBXProject section */
		7A06C5052516A1400092026B /* Project object */ = {
			isa = PBXProject;
			attributes = {
				LastSwiftUpdateCheck = 1200;
				LastUpgradeCheck = 1200;
				TargetAttributes = {
					7A06C50C2516A1400092026B = {
						CreatedOnToolsVersion = 12.0;
					};
					7A06C5222516A1430092026B = {
						CreatedOnToolsVersion = 12.0;
						TestTargetID = 7A06C50C2516A1400092026B;
					};
					7A06C52D2516A1430092026B = {
						CreatedOnToolsVersion = 12.0;
						TestTargetID = 7A06C50C2516A1400092026B;
					};
				};
			};
			buildConfigurationList = 7A06C5082516A1400092026B /* Build configuration list for PBXProject "Currency-Converter" */;
			compatibilityVersion = "Xcode 9.3";
			developmentRegion = en;
			hasScannedForEncodings = 0;
			knownRegions = (
				en,
				Base,
			);
			mainGroup = 7A06C5042516A1400092026B;
			productRefGroup = 7A06C50E2516A1400092026B /* Products */;
			projectDirPath = "";
			projectRoot = "";
			targets = (
				7A06C50C2516A1400092026B /* Currency-Converter */,
				7A06C5222516A1430092026B /* Currency-ConverterTests */,
				7A06C52D2516A1430092026B /* Currency-ConverterUITests */,
			);
		};
/* End PBXProject section */

/* Begin PBXResourcesBuildPhase section */
		7A06C50B2516A1400092026B /* Resources */ = {
			isa = PBXResourcesBuildPhase;
			buildActionMask = 2147483647;
			files = (
				7A06C51D2516A1420092026B /* LaunchScreen.storyboard in Resources */,
				7A06C51A2516A1420092026B /* Assets.xcassets in Resources */,
				7A06C5182516A1400092026B /* Main.storyboard in Resources */,
			);
			runOnlyForDeploymentPostprocessing = 0;
		};
		7A06C5212516A1430092026B /* Resources */ = {
			isa = PBXResourcesBuildPhase;
			buildActionMask = 2147483647;
			files = (
			);
			runOnlyForDeploymentPostprocessing = 0;
		};
		7A06C52C2516A1430092026B /* Resources */ = {
			isa = PBXResourcesBuildPhase;
			buildActionMask = 2147483647;
			files = (
			);
			runOnlyForDeploymentPostprocessing = 0;
		};
/* End PBXResourcesBuildPhase section */

/* Begin PBXSourcesBuildPhase section */
		7A06C5092516A1400092026B /* Sources */ = {
			isa = PBXSourcesBuildPhase;
			buildActionMask = 2147483647;
			files = (
				7A06C5152516A1400092026B /* ViewController.swift in Sources */,
				7A06C5112516A1400092026B /* AppDelegate.swift in Sources */,
				7A163DF8251EE3CB0057B58E /* Converter.swift in Sources */,
				7A06C5132516A1400092026B /* SceneDelegate.swift in Sources */,
			);
			runOnlyForDeploymentPostprocessing = 0;
		};
		7A06C51F2516A1430092026B /* Sources */ = {
			isa = PBXSourcesBuildPhase;
			buildActionMask = 2147483647;
			files = (
				7A06C5282516A1430092026B /* Currency_ConverterTests.swift in Sources */,
			);
			runOnlyForDeploymentPostprocessing = 0;
		};
		7A06C52A2516A1430092026B /* Sources */ = {
			isa = PBXSourcesBuildPhase;
			buildActionMask = 2147483647;
			files = (
				7A06C5332516A1430092026B /* Currency_ConverterUITests.swift in Sources */,
			);
			runOnlyForDeploymentPostprocessing = 0;
		};
/* End PBXSourcesBuildPhase section */

/* Begin PBXTargetDependency section */
		7A06C5252516A1430092026B /* PBXTargetDependency */ = {
			isa = PBXTargetDependency;
			target = 7A06C50C2516A1400092026B /* Currency-Converter */;
			targetProxy = 7A06C5242516A1430092026B /* PBXContainerItemProxy */;
		};
		7A06C5302516A1430092026B /* PBXTargetDependency */ = {
			isa = PBXTargetDependency;
			target = 7A06C50C2516A1400092026B /* Currency-Converter */;
			targetProxy = 7A06C52F2516A1430092026B /* PBXContainerItemProxy */;
		};
/* End PBXTargetDependency section */

/* Begin PBXVariantGroup section */
		7A06C5162516A1400092026B /* Main.storyboard */ = {
			isa = PBXVariantGroup;
			children = (
				7A06C5172516A1400092026B /* Base */,
			);
			name = Main.storyboard;
			sourceTree = "<group>";
		};
		7A06C51B2516A1420092026B /* LaunchScreen.storyboard */ = {
			isa = PBXVariantGroup;
			children = (
				7A06C51C2516A1420092026B /* Base */,
			);
			name = LaunchScreen.storyboard;
			sourceTree = "<group>";
		};
/* End PBXVariantGroup section */

/* Begin XCBuildConfiguration section */
		7A06C5352516A1430092026B /* Debug */ = {
			isa = XCBuildConfiguration;
			buildSettings = {
				ALWAYS_SEARCH_USER_PATHS = NO;
				CLANG_ANALYZER_NONNULL = YES;
				CLANG_ANALYZER_NUMBER_OBJECT_CONVERSION = YES_AGGRESSIVE;
				CLANG_CXX_LANGUAGE_STANDARD = "gnu++14";
				CLANG_CXX_LIBRARY = "libc++";
				CLANG_ENABLE_MODULES = YES;
				CLANG_ENABLE_OBJC_ARC = YES;
				CLANG_ENABLE_OBJC_WEAK = YES;
				CLANG_WARN_BLOCK_CAPTURE_AUTORELEASING = YES;
				CLANG_WARN_BOOL_CONVERSION = YES;
				CLANG_WARN_COMMA = YES;
				CLANG_WARN_CONSTANT_CONVERSION = YES;
				CLANG_WARN_DEPRECATED_OBJC_IMPLEMENTATIONS = YES;
				CLANG_WARN_DIRECT_OBJC_ISA_USAGE = YES_ERROR;
				CLANG_WARN_DOCUMENTATION_COMMENTS = YES;
				CLANG_WARN_EMPTY_BODY = YES;
				CLANG_WARN_ENUM_CONVERSION = YES;
				CLANG_WARN_INFINITE_RECURSION = YES;
				CLANG_WARN_INT_CONVERSION = YES;
				CLANG_WARN_NON_LITERAL_NULL_CONVERSION = YES;
				CLANG_WARN_OBJC_IMPLICIT_RETAIN_SELF = YES;
				CLANG_WARN_OBJC_LITERAL_CONVERSION = YES;
				CLANG_WARN_OBJC_ROOT_CLASS = YES_ERROR;
				CLANG_WARN_QUOTED_INCLUDE_IN_FRAMEWORK_HEADER = YES;
				CLANG_WARN_RANGE_LOOP_ANALYSIS = YES;
				CLANG_WARN_STRICT_PROTOTYPES = YES;
				CLANG_WARN_SUSPICIOUS_MOVE = YES;
				CLANG_WARN_UNGUARDED_AVAILABILITY = YES_AGGRESSIVE;
				CLANG_WARN_UNREACHABLE_CODE = YES;
				CLANG_WARN__DUPLICATE_METHOD_MATCH = YES;
				COPY_PHASE_STRIP = NO;
				DEBUG_INFORMATION_FORMAT = dwarf;
				ENABLE_STRICT_OBJC_MSGSEND = YES;
				ENABLE_TESTABILITY = YES;
				GCC_C_LANGUAGE_STANDARD = gnu11;
				GCC_DYNAMIC_NO_PIC = NO;
				GCC_NO_COMMON_BLOCKS = YES;
				GCC_OPTIMIZATION_LEVEL = 0;
				GCC_PREPROCESSOR_DEFINITIONS = (
					"DEBUG=1",
					"$(inherited)",
				);
				GCC_WARN_64_TO_32_BIT_CONVERSION = YES;
				GCC_WARN_ABOUT_RETURN_TYPE = YES_ERROR;
				GCC_WARN_UNDECLARED_SELECTOR = YES;
				GCC_WARN_UNINITIALIZED_AUTOS = YES_AGGRESSIVE;
				GCC_WARN_UNUSED_FUNCTION = YES;
				GCC_WARN_UNUSED_VARIABLE = YES;
				IPHONEOS_DEPLOYMENT_TARGET = 14.0;
				MTL_ENABLE_DEBUG_INFO = INCLUDE_SOURCE;
				MTL_FAST_MATH = YES;
				ONLY_ACTIVE_ARCH = YES;
				SDKROOT = iphoneos;
				SWIFT_ACTIVE_COMPILATION_CONDITIONS = DEBUG;
				SWIFT_OPTIMIZATION_LEVEL = "-Onone";
			};
			name = Debug;
		};
		7A06C5362516A1430092026B /* Release */ = {
			isa = XCBuildConfiguration;
			buildSettings = {
				ALWAYS_SEARCH_USER_PATHS = NO;
				CLANG_ANALYZER_NONNULL = YES;
				CLANG_ANALYZER_NUMBER_OBJECT_CONVERSION = YES_AGGRESSIVE;
				CLANG_CXX_LANGUAGE_STANDARD = "gnu++14";
				CLANG_CXX_LIBRARY = "libc++";
				CLANG_ENABLE_MODULES = YES;
				CLANG_ENABLE_OBJC_ARC = YES;
				CLANG_ENABLE_OBJC_WEAK = YES;
				CLANG_WARN_BLOCK_CAPTURE_AUTORELEASING = YES;
				CLANG_WARN_BOOL_CONVERSION = YES;
				CLANG_WARN_COMMA = YES;
				CLANG_WARN_CONSTANT_CONVERSION = YES;
				CLANG_WARN_DEPRECATED_OBJC_IMPLEMENTATIONS = YES;
				CLANG_WARN_DIRECT_OBJC_ISA_USAGE = YES_ERROR;
				CLANG_WARN_DOCUMENTATION_COMMENTS = YES;
				CLANG_WARN_EMPTY_BODY = YES;
				CLANG_WARN_ENUM_CONVERSION = YES;
				CLANG_WARN_INFINITE_RECURSION = YES;
				CLANG_WARN_INT_CONVERSION = YES;
				CLANG_WARN_NON_LITERAL_NULL_CONVERSION = YES;
				CLANG_WARN_OBJC_IMPLICIT_RETAIN_SELF = YES;
				CLANG_WARN_OBJC_LITERAL_CONVERSION = YES;
				CLANG_WARN_OBJC_ROOT_CLASS = YES_ERROR;
				CLANG_WARN_QUOTED_INCLUDE_IN_FRAMEWORK_HEADER = YES;
				CLANG_WARN_RANGE_LOOP_ANALYSIS = YES;
				CLANG_WARN_STRICT_PROTOTYPES = YES;
				CLANG_WARN_SUSPICIOUS_MOVE = YES;
				CLANG_WARN_UNGUARDED_AVAILABILITY = YES_AGGRESSIVE;
				CLANG_WARN_UNREACHABLE_CODE = YES;
				CLANG_WARN__DUPLICATE_METHOD_MATCH = YES;
				COPY_PHASE_STRIP = NO;
				DEBUG_INFORMATION_FORMAT = "dwarf-with-dsym";
				ENABLE_NS_ASSERTIONS = NO;
				ENABLE_STRICT_OBJC_MSGSEND = YES;
				GCC_C_LANGUAGE_STANDARD = gnu11;
				GCC_NO_COMMON_BLOCKS = YES;
				GCC_WARN_64_TO_32_BIT_CONVERSION = YES;
				GCC_WARN_ABOUT_RETURN_TYPE = YES_ERROR;
				GCC_WARN_UNDECLARED_SELECTOR = YES;
				GCC_WARN_UNINITIALIZED_AUTOS = YES_AGGRESSIVE;
				GCC_WARN_UNUSED_FUNCTION = YES;
				GCC_WARN_UNUSED_VARIABLE = YES;
				IPHONEOS_DEPLOYMENT_TARGET = 14.0;
				MTL_ENABLE_DEBUG_INFO = NO;
				MTL_FAST_MATH = YES;
				SDKROOT = iphoneos;
				SWIFT_COMPILATION_MODE = wholemodule;
				SWIFT_OPTIMIZATION_LEVEL = "-O";
				VALIDATE_PRODUCT = YES;
			};
			name = Release;
		};
		7A06C5382516A1430092026B /* Debug */ = {
			isa = XCBuildConfiguration;
			buildSettings = {
				ASSETCATALOG_COMPILER_APPICON_NAME = AppIcon;
				ASSETCATALOG_COMPILER_GLOBAL_ACCENT_COLOR_NAME = AccentColor;
				CODE_SIGN_STYLE = Automatic;
				DEVELOPMENT_TEAM = H7JSTY3FFW;
				INFOPLIST_FILE = "Currency-Converter/Info.plist";
				LD_RUNPATH_SEARCH_PATHS = (
					"$(inherited)",
					"@executable_path/Frameworks",
				);
				PRODUCT_BUNDLE_IDENTIFIER = "com.NickLee.Currency-Converter";
				PRODUCT_NAME = "$(TARGET_NAME)";
				SWIFT_VERSION = 5.0;
				TARGETED_DEVICE_FAMILY = "1,2";
			};
			name = Debug;
		};
		7A06C5392516A1430092026B /* Release */ = {
			isa = XCBuildConfiguration;
			buildSettings = {
				ASSETCATALOG_COMPILER_APPICON_NAME = AppIcon;
				ASSETCATALOG_COMPILER_GLOBAL_ACCENT_COLOR_NAME = AccentColor;
				CODE_SIGN_STYLE = Automatic;
				DEVELOPMENT_TEAM = H7JSTY3FFW;
				INFOPLIST_FILE = "Currency-Converter/Info.plist";
				LD_RUNPATH_SEARCH_PATHS = (
					"$(inherited)",
					"@executable_path/Frameworks",
				);
				PRODUCT_BUNDLE_IDENTIFIER = "com.NickLee.Currency-Converter";
				PRODUCT_NAME = "$(TARGET_NAME)";
				SWIFT_VERSION = 5.0;
				TARGETED_DEVICE_FAMILY = "1,2";
			};
			name = Release;
		};
		7A06C53B2516A1430092026B /* Debug */ = {
			isa = XCBuildConfiguration;
			buildSettings = {
				ALWAYS_EMBED_SWIFT_STANDARD_LIBRARIES = YES;
				BUNDLE_LOADER = "$(TEST_HOST)";
				CODE_SIGN_STYLE = Automatic;
				DEVELOPMENT_TEAM = H7JSTY3FFW;
				INFOPLIST_FILE = "Currency-ConverterTests/Info.plist";
				IPHONEOS_DEPLOYMENT_TARGET = 14.0;
				LD_RUNPATH_SEARCH_PATHS = (
					"$(inherited)",
					"@executable_path/Frameworks",
					"@loader_path/Frameworks",
				);
				PRODUCT_BUNDLE_IDENTIFIER = "com.NickLee.Currency-ConverterTests";
				PRODUCT_NAME = "$(TARGET_NAME)";
				SWIFT_VERSION = 5.0;
				TARGETED_DEVICE_FAMILY = "1,2";
				TEST_HOST = "$(BUILT_PRODUCTS_DIR)/Currency-Converter.app/Currency-Converter";
			};
			name = Debug;
		};
		7A06C53C2516A1430092026B /* Release */ = {
			isa = XCBuildConfiguration;
			buildSettings = {
				ALWAYS_EMBED_SWIFT_STANDARD_LIBRARIES = YES;
				BUNDLE_LOADER = "$(TEST_HOST)";
				CODE_SIGN_STYLE = Automatic;
				DEVELOPMENT_TEAM = H7JSTY3FFW;
				INFOPLIST_FILE = "Currency-ConverterTests/Info.plist";
				IPHONEOS_DEPLOYMENT_TARGET = 14.0;
				LD_RUNPATH_SEARCH_PATHS = (
					"$(inherited)",
					"@executable_path/Frameworks",
					"@loader_path/Frameworks",
				);
				PRODUCT_BUNDLE_IDENTIFIER = "com.NickLee.Currency-ConverterTests";
				PRODUCT_NAME = "$(TARGET_NAME)";
				SWIFT_VERSION = 5.0;
				TARGETED_DEVICE_FAMILY = "1,2";
				TEST_HOST = "$(BUILT_PRODUCTS_DIR)/Currency-Converter.app/Currency-Converter";
			};
			name = Release;
		};
		7A06C53E2516A1430092026B /* Debug */ = {
			isa = XCBuildConfiguration;
			buildSettings = {
				ALWAYS_EMBED_SWIFT_STANDARD_LIBRARIES = YES;
				CODE_SIGN_STYLE = Automatic;
				DEVELOPMENT_TEAM = H7JSTY3FFW;
				INFOPLIST_FILE = "Currency-ConverterUITests/Info.plist";
				LD_RUNPATH_SEARCH_PATHS = (
					"$(inherited)",
					"@executable_path/Frameworks",
					"@loader_path/Frameworks",
				);
				PRODUCT_BUNDLE_IDENTIFIER = "com.NickLee.Currency-ConverterUITests";
				PRODUCT_NAME = "$(TARGET_NAME)";
				SWIFT_VERSION = 5.0;
				TARGETED_DEVICE_FAMILY = "1,2";
				TEST_TARGET_NAME = "Currency-Converter";
			};
			name = Debug;
		};
		7A06C53F2516A1430092026B /* Release */ = {
			isa = XCBuildConfiguration;
			buildSettings = {
				ALWAYS_EMBED_SWIFT_STANDARD_LIBRARIES = YES;
				CODE_SIGN_STYLE = Automatic;
				DEVELOPMENT_TEAM = H7JSTY3FFW;
				INFOPLIST_FILE = "Currency-ConverterUITests/Info.plist";
				LD_RUNPATH_SEARCH_PATHS = (
					"$(inherited)",
					"@executable_path/Frameworks",
					"@loader_path/Frameworks",
				);
				PRODUCT_BUNDLE_IDENTIFIER = "com.NickLee.Currency-ConverterUITests";
				PRODUCT_NAME = "$(TARGET_NAME)";
				SWIFT_VERSION = 5.0;
				TARGETED_DEVICE_FAMILY = "1,2";
				TEST_TARGET_NAME = "Currency-Converter";
			};
			name = Release;
		};
/* End XCBuildConfiguration section */

/* Begin XCConfigurationList section */
		7A06C5082516A1400092026B /* Build configuration list for PBXProject "Currency-Converter" */ = {
			isa = XCConfigurationList;
			buildConfigurations = (
				7A06C5352516A1430092026B /* Debug */,
				7A06C5362516A1430092026B /* Release */,
			);
			defaultConfigurationIsVisible = 0;
			defaultConfigurationName = Release;
		};
		7A06C5372516A1430092026B /* Build configuration list for PBXNativeTarget "Currency-Converter" */ = {
			isa = XCConfigurationList;
			buildConfigurations = (
				7A06C5382516A1430092026B /* Debug */,
				7A06C5392516A1430092026B /* Release */,
			);
			defaultConfigurationIsVisible = 0;
			defaultConfigurationName = Release;
		};
		7A06C53A2516A1430092026B /* Build configuration list for PBXNativeTarget "Currency-ConverterTests" */ = {
			isa = XCConfigurationList;
			buildConfigurations = (
				7A06C53B2516A1430092026B /* Debug */,
				7A06C53C2516A1430092026B /* Release */,
			);
			defaultConfigurationIsVisible = 0;
			defaultConfigurationName = Release;
		};
		7A06C53D2516A1430092026B /* Build configuration list for PBXNativeTarget "Currency-ConverterUITests" */ = {
			isa = XCConfigurationList;
			buildConfigurations = (
				7A06C53E2516A1430092026B /* Debug */,
				7A06C53F2516A1430092026B /* Release */,
			);
			defaultConfigurationIsVisible = 0;
			defaultConfigurationName = Release;
		};
/* End XCConfigurationList section */
	};
	rootObject = 7A06C5052516A1400092026B /* Project object */;
}
